// !$*UTF8*$!
{
	archiveVersion = 1;
	classes = {
	};
	objectVersion = 56;
	objects = {

/* Begin PBXBuildFile section */
		EFC205162B00FF1200AA6EAC /* AppDelegate.swift in Sources */ = {isa = PBXBuildFile; fileRef = EFC205152B00FF1200AA6EAC /* AppDelegate.swift */; };
		EFC205182B00FF1200AA6EAC /* SceneDelegate.swift in Sources */ = {isa = PBXBuildFile; fileRef = EFC205172B00FF1200AA6EAC /* SceneDelegate.swift */; };
		EFC2051A2B00FF1200AA6EAC /* ViewController.swift in Sources */ = {isa = PBXBuildFile; fileRef = EFC205192B00FF1200AA6EAC /* ViewController.swift */; };
		EFC2051D2B00FF1200AA6EAC /* Main.storyboard in Resources */ = {isa = PBXBuildFile; fileRef = EFC2051B2B00FF1200AA6EAC /* Main.storyboard */; };
		EFC2051F2B00FF1600AA6EAC /* Assets.xcassets in Resources */ = {isa = PBXBuildFile; fileRef = EFC2051E2B00FF1600AA6EAC /* Assets.xcassets */; };
		EFC205222B00FF1600AA6EAC /* LaunchScreen.storyboard in Resources */ = {isa = PBXBuildFile; fileRef = EFC205202B00FF1600AA6EAC /* LaunchScreen.storyboard */; };
		EFC2052D2B00FF1700AA6EAC /* CounterTests.swift in Sources */ = {isa = PBXBuildFile; fileRef = EFC2052C2B00FF1700AA6EAC /* CounterTests.swift */; };
		EFC205372B00FF1700AA6EAC /* CounterUITests.swift in Sources */ = {isa = PBXBuildFile; fileRef = EFC205362B00FF1700AA6EAC /* CounterUITests.swift */; };
		EFC205392B00FF1700AA6EAC /* CounterUITestsLaunchTests.swift in Sources */ = {isa = PBXBuildFile; fileRef = EFC205382B00FF1700AA6EAC /* CounterUITestsLaunchTests.swift */; };
/* End PBXBuildFile section */

/* Begin PBXContainerItemProxy section */
		EFC205292B00FF1700AA6EAC /* PBXContainerItemProxy */ = {
			isa = PBXContainerItemProxy;
			containerPortal = EFC2050A2B00FF1200AA6EAC /* Project object */;
			proxyType = 1;
			remoteGlobalIDString = EFC205112B00FF1200AA6EAC;
			remoteInfo = Counter;
		};
		EFC205332B00FF1700AA6EAC /* PBXContainerItemProxy */ = {
			isa = PBXContainerItemProxy;
			containerPortal = EFC2050A2B00FF1200AA6EAC /* Project object */;
			proxyType = 1;
			remoteGlobalIDString = EFC205112B00FF1200AA6EAC;
			remoteInfo = Counter;
		};
/* End PBXContainerItemProxy section */

/* Begin PBXFileReference section */
		EFC205122B00FF1200AA6EAC /* Counter.app */ = {isa = PBXFileReference; explicitFileType = wrapper.application; includeInIndex = 0; path = Counter.app; sourceTree = BUILT_PRODUCTS_DIR; };
		EFC205152B00FF1200AA6EAC /* AppDelegate.swift */ = {isa = PBXFileReference; lastKnownFileType = sourcecode.swift; path = AppDelegate.swift; sourceTree = "<group>"; };
		EFC205172B00FF1200AA6EAC /* SceneDelegate.swift */ = {isa = PBXFileReference; lastKnownFileType = sourcecode.swift; path = SceneDelegate.swift; sourceTree = "<group>"; };
		EFC205192B00FF1200AA6EAC /* ViewController.swift */ = {isa = PBXFileReference; lastKnownFileType = sourcecode.swift; path = ViewController.swift; sourceTree = "<group>"; };
		EFC2051C2B00FF1200AA6EAC /* Base */ = {isa = PBXFileReference; lastKnownFileType = file.storyboard; name = Base; path = Base.lproj/Main.storyboard; sourceTree = "<group>"; };
		EFC2051E2B00FF1600AA6EAC /* Assets.xcassets */ = {isa = PBXFileReference; lastKnownFileType = folder.assetcatalog; path = Assets.xcassets; sourceTree = "<group>"; };
		EFC205212B00FF1600AA6EAC /* Base */ = {isa = PBXFileReference; lastKnownFileType = file.storyboard; name = Base; path = Base.lproj/LaunchScreen.storyboard; sourceTree = "<group>"; };
		EFC205232B00FF1600AA6EAC /* Info.plist */ = {isa = PBXFileReference; lastKnownFileType = text.plist.xml; path = Info.plist; sourceTree = "<group>"; };
		EFC205282B00FF1700AA6EAC /* CounterTests.xctest */ = {isa = PBXFileReference; explicitFileType = wrapper.cfbundle; includeInIndex = 0; path = CounterTests.xctest; sourceTree = BUILT_PRODUCTS_DIR; };
		EFC2052C2B00FF1700AA6EAC /* CounterTests.swift */ = {isa = PBXFileReference; lastKnownFileType = sourcecode.swift; path = CounterTests.swift; sourceTree = "<group>"; };
		EFC205322B00FF1700AA6EAC /* CounterUITests.xctest */ = {isa = PBXFileReference; explicitFileType = wrapper.cfbundle; includeInIndex = 0; path = CounterUITests.xctest; sourceTree = BUILT_PRODUCTS_DIR; };
		EFC205362B00FF1700AA6EAC /* CounterUITests.swift */ = {isa = PBXFileReference; lastKnownFileType = sourcecode.swift; path = CounterUITests.swift; sourceTree = "<group>"; };
		EFC205382B00FF1700AA6EAC /* CounterUITestsLaunchTests.swift */ = {isa = PBXFileReference; lastKnownFileType = sourcecode.swift; path = CounterUITestsLaunchTests.swift; sourceTree = "<group>"; };
/* End PBXFileReference section */

/* Begin PBXFrameworksBuildPhase section */
		EFC2050F2B00FF1200AA6EAC /* Frameworks */ = {
			isa = PBXFrameworksBuildPhase;
			buildActionMask = 2147483647;
			files = (
			);
			runOnlyForDeploymentPostprocessing = 0;
		};
		EFC205252B00FF1700AA6EAC /* Frameworks */ = {
			isa = PBXFrameworksBuildPhase;
			buildActionMask = 2147483647;
			files = (
			);
			runOnlyForDeploymentPostprocessing = 0;
		};
		EFC2052F2B00FF1700AA6EAC /* Frameworks */ = {
			isa = PBXFrameworksBuildPhase;
			buildActionMask = 2147483647;
			files = (
			);
			runOnlyForDeploymentPostprocessing = 0;
		};
/* End PBXFrameworksBuildPhase section */

/* Begin PBXGroup section */
		EFC205092B00FF1200AA6EAC = {
			isa = PBXGroup;
			children = (
				EFC205142B00FF1200AA6EAC /* Counter */,
				EFC2052B2B00FF1700AA6EAC /* CounterTests */,
				EFC205352B00FF1700AA6EAC /* CounterUITests */,
				EFC205132B00FF1200AA6EAC /* Products */,
			);
			sourceTree = "<group>";
		};
		EFC205132B00FF1200AA6EAC /* Products */ = {
			isa = PBXGroup;
			children = (
				EFC205122B00FF1200AA6EAC /* Counter.app */,
				EFC205282B00FF1700AA6EAC /* CounterTests.xctest */,
				EFC205322B00FF1700AA6EAC /* CounterUITests.xctest */,
			);
			name = Products;
			sourceTree = "<group>";
		};
		EFC205142B00FF1200AA6EAC /* Counter */ = {
			isa = PBXGroup;
			children = (
				EFC205152B00FF1200AA6EAC /* AppDelegate.swift */,
				EFC205172B00FF1200AA6EAC /* SceneDelegate.swift */,
				EFC205192B00FF1200AA6EAC /* ViewController.swift */,
				EFC2051B2B00FF1200AA6EAC /* Main.storyboard */,
				EFC2051E2B00FF1600AA6EAC /* Assets.xcassets */,
				EFC205202B00FF1600AA6EAC /* LaunchScreen.storyboard */,
				EFC205232B00FF1600AA6EAC /* Info.plist */,
			);
			path = Counter;
			sourceTree = "<group>";
		};
		EFC2052B2B00FF1700AA6EAC /* CounterTests */ = {
			isa = PBXGroup;
			children = (
				EFC2052C2B00FF1700AA6EAC /* CounterTests.swift */,
			);
			path = CounterTests;
			sourceTree = "<group>";
		};
		EFC205352B00FF1700AA6EAC /* CounterUITests */ = {
			isa = PBXGroup;
			children = (
				EFC205362B00FF1700AA6EAC /* CounterUITests.swift */,
				EFC205382B00FF1700AA6EAC /* CounterUITestsLaunchTests.swift */,
			);
			path = CounterUITests;
			sourceTree = "<group>";
		};
/* End PBXGroup section */

/* Begin PBXNativeTarget section */
		EFC205112B00FF1200AA6EAC /* Counter */ = {
			isa = PBXNativeTarget;
			buildConfigurationList = EFC2053C2B00FF1700AA6EAC /* Build configuration list for PBXNativeTarget "Counter" */;
			buildPhases = (
				EFC2050E2B00FF1200AA6EAC /* Sources */,
				EFC2050F2B00FF1200AA6EAC /* Frameworks */,
				EFC205102B00FF1200AA6EAC /* Resources */,
			);
			buildRules = (
			);
			dependencies = (
			);
			name = Counter;
			productName = Counter;
			productReference = EFC205122B00FF1200AA6EAC /* Counter.app */;
			productType = "com.apple.product-type.application";
		};
		EFC205272B00FF1700AA6EAC /* CounterTests */ = {
			isa = PBXNativeTarget;
			buildConfigurationList = EFC2053F2B00FF1700AA6EAC /* Build configuration list for PBXNativeTarget "CounterTests" */;
			buildPhases = (
				EFC205242B00FF1700AA6EAC /* Sources */,
				EFC205252B00FF1700AA6EAC /* Frameworks */,
				EFC205262B00FF1700AA6EAC /* Resources */,
			);
			buildRules = (
			);
			dependencies = (
				EFC2052A2B00FF1700AA6EAC /* PBXTargetDependency */,
			);
			name = CounterTests;
			productName = CounterTests;
			productReference = EFC205282B00FF1700AA6EAC /* CounterTests.xctest */;
			productType = "com.apple.product-type.bundle.unit-test";
		};
		EFC205312B00FF1700AA6EAC /* CounterUITests */ = {
			isa = PBXNativeTarget;
			buildConfigurationList = EFC205422B00FF1700AA6EAC /* Build configuration list for PBXNativeTarget "CounterUITests" */;
			buildPhases = (
				EFC2052E2B00FF1700AA6EAC /* Sources */,
				EFC2052F2B00FF1700AA6EAC /* Frameworks */,
				EFC205302B00FF1700AA6EAC /* Resources */,
			);
			buildRules = (
			);
			dependencies = (
				EFC205342B00FF1700AA6EAC /* PBXTargetDependency */,
			);
			name = CounterUITests;
			productName = CounterUITests;
			productReference = EFC205322B00FF1700AA6EAC /* CounterUITests.xctest */;
			productType = "com.apple.product-type.bundle.ui-testing";
		};
/* End PBXNativeTarget section */

/* Begin PBXProject section */
		EFC2050A2B00FF1200AA6EAC /* Project object */ = {
			isa = PBXProject;
			attributes = {
				BuildIndependentTargetsInParallel = 1;
				LastSwiftUpdateCheck = 1500;
				LastUpgradeCheck = 1500;
				TargetAttributes = {
					EFC205112B00FF1200AA6EAC = {
						CreatedOnToolsVersion = 15.0;
					};
					EFC205272B00FF1700AA6EAC = {
						CreatedOnToolsVersion = 15.0;
						TestTargetID = EFC205112B00FF1200AA6EAC;
					};
					EFC205312B00FF1700AA6EAC = {
						CreatedOnToolsVersion = 15.0;
						TestTargetID = EFC205112B00FF1200AA6EAC;
					};
				};
			};
			buildConfigurationList = EFC2050D2B00FF1200AA6EAC /* Build configuration list for PBXProject "Counter" */;
			compatibilityVersion = "Xcode 14.0";
			developmentRegion = en;
			hasScannedForEncodings = 0;
			knownRegions = (
				en,
				Base,
			);
			mainGroup = EFC205092B00FF1200AA6EAC;
			productRefGroup = EFC205132B00FF1200AA6EAC /* Products */;
			projectDirPath = "";
			projectRoot = "";
			targets = (
				EFC205112B00FF1200AA6EAC /* Counter */,
				EFC205272B00FF1700AA6EAC /* CounterTests */,
				EFC205312B00FF1700AA6EAC /* CounterUITests */,
			);
		};
/* End PBXProject section */

/* Begin PBXResourcesBuildPhase section */
		EFC205102B00FF1200AA6EAC /* Resources */ = {
			isa = PBXResourcesBuildPhase;
			buildActionMask = 2147483647;
			files = (
				EFC205222B00FF1600AA6EAC /* LaunchScreen.storyboard in Resources */,
				EFC2051F2B00FF1600AA6EAC /* Assets.xcassets in Resources */,
				EFC2051D2B00FF1200AA6EAC /* Main.storyboard in Resources */,
			);
			runOnlyForDeploymentPostprocessing = 0;
		};
		EFC205262B00FF1700AA6EAC /* Resources */ = {
			isa = PBXResourcesBuildPhase;
			buildActionMask = 2147483647;
			files = (
			);
			runOnlyForDeploymentPostprocessing = 0;
		};
		EFC205302B00FF1700AA6EAC /* Resources */ = {
			isa = PBXResourcesBuildPhase;
			buildActionMask = 2147483647;
			files = (
			);
			runOnlyForDeploymentPostprocessing = 0;
		};
/* End PBXResourcesBuildPhase section */

/* Begin PBXSourcesBuildPhase section */
		EFC2050E2B00FF1200AA6EAC /* Sources */ = {
			isa = PBXSourcesBuildPhase;
			buildActionMask = 2147483647;
			files = (
				EFC2051A2B00FF1200AA6EAC /* ViewController.swift in Sources */,
				EFC205162B00FF1200AA6EAC /* AppDelegate.swift in Sources */,
				EFC205182B00FF1200AA6EAC /* SceneDelegate.swift in Sources */,
			);
			runOnlyForDeploymentPostprocessing = 0;
		};
		EFC205242B00FF1700AA6EAC /* Sources */ = {
			isa = PBXSourcesBuildPhase;
			buildActionMask = 2147483647;
			files = (
				EFC2052D2B00FF1700AA6EAC /* CounterTests.swift in Sources */,
			);
			runOnlyForDeploymentPostprocessing = 0;
		};
		EFC2052E2B00FF1700AA6EAC /* Sources */ = {
			isa = PBXSourcesBuildPhase;
			buildActionMask = 2147483647;
			files = (
				EFC205372B00FF1700AA6EAC /* CounterUITests.swift in Sources */,
				EFC205392B00FF1700AA6EAC /* CounterUITestsLaunchTests.swift in Sources */,
			);
			runOnlyForDeploymentPostprocessing = 0;
		};
/* End PBXSourcesBuildPhase section */

/* Begin PBXTargetDependency section */
		EFC2052A2B00FF1700AA6EAC /* PBXTargetDependency */ = {
			isa = PBXTargetDependency;
			target = EFC205112B00FF1200AA6EAC /* Counter */;
			targetProxy = EFC205292B00FF1700AA6EAC /* PBXContainerItemProxy */;
		};
		EFC205342B00FF1700AA6EAC /* PBXTargetDependency */ = {
			isa = PBXTargetDependency;
			target = EFC205112B00FF1200AA6EAC /* Counter */;
			targetProxy = EFC205332B00FF1700AA6EAC /* PBXContainerItemProxy */;
		};
/* End PBXTargetDependency section */

/* Begin PBXVariantGroup section */
		EFC2051B2B00FF1200AA6EAC /* Main.storyboard */ = {
			isa = PBXVariantGroup;
			children = (
				EFC2051C2B00FF1200AA6EAC /* Base */,
			);
			name = Main.storyboard;
			sourceTree = "<group>";
		};
		EFC205202B00FF1600AA6EAC /* LaunchScreen.storyboard */ = {
			isa = PBXVariantGroup;
			children = (
				EFC205212B00FF1600AA6EAC /* Base */,
			);
			name = LaunchScreen.storyboard;
			sourceTree = "<group>";
		};
/* End PBXVariantGroup section */

/* Begin XCBuildConfiguration section */
		EFC2053A2B00FF1700AA6EAC /* Debug */ = {
			isa = XCBuildConfiguration;
			buildSettings = {
				ALWAYS_SEARCH_USER_PATHS = NO;
				ASSETCATALOG_COMPILER_GENERATE_SWIFT_ASSET_SYMBOL_EXTENSIONS = YES;
				CLANG_ANALYZER_NONNULL = YES;
				CLANG_ANALYZER_NUMBER_OBJECT_CONVERSION = YES_AGGRESSIVE;
				CLANG_CXX_LANGUAGE_STANDARD = "gnu++20";
				CLANG_ENABLE_MODULES = YES;
				CLANG_ENABLE_OBJC_ARC = YES;
				CLANG_ENABLE_OBJC_WEAK = YES;
				CLANG_WARN_BLOCK_CAPTURE_AUTORELEASING = YES;
				CLANG_WARN_BOOL_CONVERSION = YES;
				CLANG_WARN_COMMA = YES;
				CLANG_WARN_CONSTANT_CONVERSION = YES;
				CLANG_WARN_DEPRECATED_OBJC_IMPLEMENTATIONS = YES;
				CLANG_WARN_DIRECT_OBJC_ISA_USAGE = YES_ERROR;
				CLANG_WARN_DOCUMENTATION_COMMENTS = YES;
				CLANG_WARN_EMPTY_BODY = YES;
				CLANG_WARN_ENUM_CONVERSION = YES;
				CLANG_WARN_INFINITE_RECURSION = YES;
				CLANG_WARN_INT_CONVERSION = YES;
				CLANG_WARN_NON_LITERAL_NULL_CONVERSION = YES;
				CLANG_WARN_OBJC_IMPLICIT_RETAIN_SELF = YES;
				CLANG_WARN_OBJC_LITERAL_CONVERSION = YES;
				CLANG_WARN_OBJC_ROOT_CLASS = YES_ERROR;
				CLANG_WARN_QUOTED_INCLUDE_IN_FRAMEWORK_HEADER = YES;
				CLANG_WARN_RANGE_LOOP_ANALYSIS = YES;
				CLANG_WARN_STRICT_PROTOTYPES = YES;
				CLANG_WARN_SUSPICIOUS_MOVE = YES;
				CLANG_WARN_UNGUARDED_AVAILABILITY = YES_AGGRESSIVE;
				CLANG_WARN_UNREACHABLE_CODE = YES;
				CLANG_WARN__DUPLICATE_METHOD_MATCH = YES;
				COPY_PHASE_STRIP = NO;
				DEBUG_INFORMATION_FORMAT = dwarf;
				ENABLE_STRICT_OBJC_MSGSEND = YES;
				ENABLE_TESTABILITY = YES;
				ENABLE_USER_SCRIPT_SANDBOXING = YES;
				GCC_C_LANGUAGE_STANDARD = gnu17;
				GCC_DYNAMIC_NO_PIC = NO;
				GCC_NO_COMMON_BLOCKS = YES;
				GCC_OPTIMIZATION_LEVEL = 0;
				GCC_PREPROCESSOR_DEFINITIONS = (
					"DEBUG=1",
					"$(inherited)",
				);
				GCC_WARN_64_TO_32_BIT_CONVERSION = YES;
				GCC_WARN_ABOUT_RETURN_TYPE = YES_ERROR;
				GCC_WARN_UNDECLARED_SELECTOR = YES;
				GCC_WARN_UNINITIALIZED_AUTOS = YES_AGGRESSIVE;
				GCC_WARN_UNUSED_FUNCTION = YES;
				GCC_WARN_UNUSED_VARIABLE = YES;
				IPHONEOS_DEPLOYMENT_TARGET = 17.0;
				LOCALIZATION_PREFERS_STRING_CATALOGS = YES;
				MTL_ENABLE_DEBUG_INFO = INCLUDE_SOURCE;
				MTL_FAST_MATH = YES;
				ONLY_ACTIVE_ARCH = YES;
				SDKROOT = iphoneos;
				SWIFT_ACTIVE_COMPILATION_CONDITIONS = "DEBUG $(inherited)";
				SWIFT_OPTIMIZATION_LEVEL = "-Onone";
			};
			name = Debug;
		};
		EFC2053B2B00FF1700AA6EAC /* Release */ = {
			isa = XCBuildConfiguration;
			buildSettings = {
				ALWAYS_SEARCH_USER_PATHS = NO;
				ASSETCATALOG_COMPILER_GENERATE_SWIFT_ASSET_SYMBOL_EXTENSIONS = YES;
				CLANG_ANALYZER_NONNULL = YES;
				CLANG_ANALYZER_NUMBER_OBJECT_CONVERSION = YES_AGGRESSIVE;
				CLANG_CXX_LANGUAGE_STANDARD = "gnu++20";
				CLANG_ENABLE_MODULES = YES;
				CLANG_ENABLE_OBJC_ARC = YES;
				CLANG_ENABLE_OBJC_WEAK = YES;
				CLANG_WARN_BLOCK_CAPTURE_AUTORELEASING = YES;
				CLANG_WARN_BOOL_CONVERSION = YES;
				CLANG_WARN_COMMA = YES;
				CLANG_WARN_CONSTANT_CONVERSION = YES;
				CLANG_WARN_DEPRECATED_OBJC_IMPLEMENTATIONS = YES;
				CLANG_WARN_DIRECT_OBJC_ISA_USAGE = YES_ERROR;
				CLANG_WARN_DOCUMENTATION_COMMENTS = YES;
				CLANG_WARN_EMPTY_BODY = YES;
				CLANG_WARN_ENUM_CONVERSION = YES;
				CLANG_WARN_INFINITE_RECURSION = YES;
				CLANG_WARN_INT_CONVERSION = YES;
				CLANG_WARN_NON_LITERAL_NULL_CONVERSION = YES;
				CLANG_WARN_OBJC_IMPLICIT_RETAIN_SELF = YES;
				CLANG_WARN_OBJC_LITERAL_CONVERSION = YES;
				CLANG_WARN_OBJC_ROOT_CLASS = YES_ERROR;
				CLANG_WARN_QUOTED_INCLUDE_IN_FRAMEWORK_HEADER = YES;
				CLANG_WARN_RANGE_LOOP_ANALYSIS = YES;
				CLANG_WARN_STRICT_PROTOTYPES = YES;
				CLANG_WARN_SUSPICIOUS_MOVE = YES;
				CLANG_WARN_UNGUARDED_AVAILABILITY = YES_AGGRESSIVE;
				CLANG_WARN_UNREACHABLE_CODE = YES;
				CLANG_WARN__DUPLICATE_METHOD_MATCH = YES;
				COPY_PHASE_STRIP = NO;
				DEBUG_INFORMATION_FORMAT = "dwarf-with-dsym";
				ENABLE_NS_ASSERTIONS = NO;
				ENABLE_STRICT_OBJC_MSGSEND = YES;
				ENABLE_USER_SCRIPT_SANDBOXING = YES;
				GCC_C_LANGUAGE_STANDARD = gnu17;
				GCC_NO_COMMON_BLOCKS = YES;
				GCC_WARN_64_TO_32_BIT_CONVERSION = YES;
				GCC_WARN_ABOUT_RETURN_TYPE = YES_ERROR;
				GCC_WARN_UNDECLARED_SELECTOR = YES;
				GCC_WARN_UNINITIALIZED_AUTOS = YES_AGGRESSIVE;
				GCC_WARN_UNUSED_FUNCTION = YES;
				GCC_WARN_UNUSED_VARIABLE = YES;
				IPHONEOS_DEPLOYMENT_TARGET = 17.0;
				LOCALIZATION_PREFERS_STRING_CATALOGS = YES;
				MTL_ENABLE_DEBUG_INFO = NO;
				MTL_FAST_MATH = YES;
				SDKROOT = iphoneos;
				SWIFT_COMPILATION_MODE = wholemodule;
				VALIDATE_PRODUCT = YES;
			};
			name = Release;
		};
		EFC2053D2B00FF1700AA6EAC /* Debug */ = {
			isa = XCBuildConfiguration;
			buildSettings = {
				ASSETCATALOG_COMPILER_APPICON_NAME = AppIcon;
				ASSETCATALOG_COMPILER_GLOBAL_ACCENT_COLOR_NAME = AccentColor;
				CODE_SIGN_STYLE = Automatic;
				CURRENT_PROJECT_VERSION = 1;
				DEVELOPMENT_TEAM = PXN76A2D3Q;
				GENERATE_INFOPLIST_FILE = YES;
				INFOPLIST_FILE = Counter/Info.plist;
				INFOPLIST_KEY_UIApplicationSupportsIndirectInputEvents = YES;
				INFOPLIST_KEY_UILaunchStoryboardName = LaunchScreen;
				INFOPLIST_KEY_UIMainStoryboardFile = Main;
				INFOPLIST_KEY_UISupportedInterfaceOrientations = UIInterfaceOrientationPortrait;
				LD_RUNPATH_SEARCH_PATHS = (
					"$(inherited)",
					"@executable_path/Frameworks",
				);
				MARKETING_VERSION = 1.0;
				PRODUCT_BUNDLE_IDENTIFIER = test.Counter.kz;
				PRODUCT_NAME = "$(TARGET_NAME)";
				SWIFT_EMIT_LOC_STRINGS = YES;
				SWIFT_VERSION = 5.0;
				TARGETED_DEVICE_FAMILY = "1,2";
			};
			name = Debug;
		};
		EFC2053E2B00FF1700AA6EAC /* Release */ = {
			isa = XCBuildConfiguration;
			buildSettings = {
				ASSETCATALOG_COMPILER_APPICON_NAME = AppIcon;
				ASSETCATALOG_COMPILER_GLOBAL_ACCENT_COLOR_NAME = AccentColor;
				CODE_SIGN_STYLE = Automatic;
				CURRENT_PROJECT_VERSION = 1;
				DEVELOPMENT_TEAM = PXN76A2D3Q;
				GENERATE_INFOPLIST_FILE = YES;
				INFOPLIST_FILE = Counter/Info.plist;
				INFOPLIST_KEY_UIApplicationSupportsIndirectInputEvents = YES;
				INFOPLIST_KEY_UILaunchStoryboardName = LaunchScreen;
				INFOPLIST_KEY_UIMainStoryboardFile = Main;
				INFOPLIST_KEY_UISupportedInterfaceOrientations = UIInterfaceOrientationPortrait;
				LD_RUNPATH_SEARCH_PATHS = (
					"$(inherited)",
					"@executable_path/Frameworks",
				);
				MARKETING_VERSION = 1.0;
				PRODUCT_BUNDLE_IDENTIFIER = test.Counter.kz;
				PRODUCT_NAME = "$(TARGET_NAME)";
				SWIFT_EMIT_LOC_STRINGS = YES;
				SWIFT_VERSION = 5.0;
				TARGETED_DEVICE_FAMILY = "1,2";
			};
			name = Release;
		};
		EFC205402B00FF1700AA6EAC /* Debug */ = {
			isa = XCBuildConfiguration;
			buildSettings = {
				ALWAYS_EMBED_SWIFT_STANDARD_LIBRARIES = YES;
				BUNDLE_LOADER = "$(TEST_HOST)";
				CODE_SIGN_STYLE = Automatic;
				CURRENT_PROJECT_VERSION = 1;
				GENERATE_INFOPLIST_FILE = YES;
				IPHONEOS_DEPLOYMENT_TARGET = 17.0;
				MARKETING_VERSION = 1.0;
				PRODUCT_BUNDLE_IDENTIFIER = test.CounterTests;
				PRODUCT_NAME = "$(TARGET_NAME)";
				SWIFT_EMIT_LOC_STRINGS = NO;
				SWIFT_VERSION = 5.0;
				TARGETED_DEVICE_FAMILY = "1,2";
				TEST_HOST = "$(BUILT_PRODUCTS_DIR)/Counter.app/$(BUNDLE_EXECUTABLE_FOLDER_PATH)/Counter";
			};
			name = Debug;
		};
		EFC205412B00FF1700AA6EAC /* Release */ = {
			isa = XCBuildConfiguration;
			buildSettings = {
				ALWAYS_EMBED_SWIFT_STANDARD_LIBRARIES = YES;
				BUNDLE_LOADER = "$(TEST_HOST)";
				CODE_SIGN_STYLE = Automatic;
				CURRENT_PROJECT_VERSION = 1;
				GENERATE_INFOPLIST_FILE = YES;
				IPHONEOS_DEPLOYMENT_TARGET = 17.0;
				MARKETING_VERSION = 1.0;
				PRODUCT_BUNDLE_IDENTIFIER = test.CounterTests;
				PRODUCT_NAME = "$(TARGET_NAME)";
				SWIFT_EMIT_LOC_STRINGS = NO;
				SWIFT_VERSION = 5.0;
				TARGETED_DEVICE_FAMILY = "1,2";
				TEST_HOST = "$(BUILT_PRODUCTS_DIR)/Counter.app/$(BUNDLE_EXECUTABLE_FOLDER_PATH)/Counter";
			};
			name = Release;
		};
		EFC205432B00FF1700AA6EAC /* Debug */ = {
			isa = XCBuildConfiguration;
			buildSettings = {
				ALWAYS_EMBED_SWIFT_STANDARD_LIBRARIES = YES;
				CODE_SIGN_STYLE = Automatic;
				CURRENT_PROJECT_VERSION = 1;
				GENERATE_INFOPLIST_FILE = YES;
				MARKETING_VERSION = 1.0;
				PRODUCT_BUNDLE_IDENTIFIER = test.CounterUITests;
				PRODUCT_NAME = "$(TARGET_NAME)";
				SWIFT_EMIT_LOC_STRINGS = NO;
				SWIFT_VERSION = 5.0;
				TARGETED_DEVICE_FAMILY = "1,2";
				TEST_TARGET_NAME = Counter;
			};
			name = Debug;
		};
		EFC205442B00FF1700AA6EAC /* Release */ = {
			isa = XCBuildConfiguration;
			buildSettings = {
				ALWAYS_EMBED_SWIFT_STANDARD_LIBRARIES = YES;
				CODE_SIGN_STYLE = Automatic;
				CURRENT_PROJECT_VERSION = 1;
				GENERATE_INFOPLIST_FILE = YES;
				MARKETING_VERSION = 1.0;
				PRODUCT_BUNDLE_IDENTIFIER = test.CounterUITests;
				PRODUCT_NAME = "$(TARGET_NAME)";
				SWIFT_EMIT_LOC_STRINGS = NO;
				SWIFT_VERSION = 5.0;
				TARGETED_DEVICE_FAMILY = "1,2";
				TEST_TARGET_NAME = Counter;
			};
			name = Release;
		};
/* End XCBuildConfiguration section */

/* Begin XCConfigurationList section */
		EFC2050D2B00FF1200AA6EAC /* Build configuration list for PBXProject "Counter" */ = {
			isa = XCConfigurationList;
			buildConfigurations = (
				EFC2053A2B00FF1700AA6EAC /* Debug */,
				EFC2053B2B00FF1700AA6EAC /* Release */,
			);
			defaultConfigurationIsVisible = 0;
			defaultConfigurationName = Release;
		};
		EFC2053C2B00FF1700AA6EAC /* Build configuration list for PBXNativeTarget "Counter" */ = {
			isa = XCConfigurationList;
			buildConfigurations = (
				EFC2053D2B00FF1700AA6EAC /* Debug */,
				EFC2053E2B00FF1700AA6EAC /* Release */,
			);
			defaultConfigurationIsVisible = 0;
			defaultConfigurationName = Release;
		};
		EFC2053F2B00FF1700AA6EAC /* Build configuration list for PBXNativeTarget "CounterTests" */ = {
			isa = XCConfigurationList;
			buildConfigurations = (
				EFC205402B00FF1700AA6EAC /* Debug */,
				EFC205412B00FF1700AA6EAC /* Release */,
			);
			defaultConfigurationIsVisible = 0;
			defaultConfigurationName = Release;
		};
		EFC205422B00FF1700AA6EAC /* Build configuration list for PBXNativeTarget "CounterUITests" */ = {
			isa = XCConfigurationList;
			buildConfigurations = (
				EFC205432B00FF1700AA6EAC /* Debug */,
				EFC205442B00FF1700AA6EAC /* Release */,
			);
			defaultConfigurationIsVisible = 0;
			defaultConfigurationName = Release;
		};
/* End XCConfigurationList section */
	};
	rootObject = EFC2050A2B00FF1200AA6EAC /* Project object */;
}
